
Microsoft Visual Studio Solution File, Format Version 12.00
# Visual Studio Version 17
VisualStudioVersion = 17.0.31717.71
MinimumVisualStudioVersion = 10.0.40219.1
Project("{2150E333-8FDC-42A3-9474-1A3956D46DE8}") = "ShopManagement", "ShopManagement", "{9B3E3B41-B53C-4F88-8A6C-25610CACB8BB}"
EndProject
Project("{2150E333-8FDC-42A3-9474-1A3956D46DE8}") = "SM.Domain", "SM.Domain", "{3B072170-FB25-4693-A1EE-9D13527480AB}"
EndProject
Project("{9A19103F-16F7-4668-BE54-9A1E7A4F7556}") = "ShopManagement.Domain", "ShopManagement.Domain\ShopManagement.Domain.csproj", "{A4C32562-2F70-485A-9762-B7D7856FCEF0}"
EndProject
Project("{9A19103F-16F7-4668-BE54-9A1E7A4F7556}") = "0_Framework", "0_Framework\0_Framework.csproj", "{313D1D5D-66EB-47F6-B716-5AECACA06225}"
EndProject
Project("{2150E333-8FDC-42A3-9474-1A3956D46DE8}") = "SM.Application", "SM.Application", "{8DCF0BFC-EAF0-4BA1-BDFC-E7B0B4900D80}"
EndProject
Project("{9A19103F-16F7-4668-BE54-9A1E7A4F7556}") = "ShopManagementApplication.Contracts", "ShopManagementApplication.Contracts\ShopManagementApplication.Contracts.csproj", "{2FE74533-68A4-474E-AA08-591C82A1685B}"
EndProject
Project("{9A19103F-16F7-4668-BE54-9A1E7A4F7556}") = "ShopManagement.Application", "ShopManagement.Application\ShopManagement.Application.csproj", "{E5B54B40-1BE2-4EF2-AA51-3C77DE17796B}"
EndProject
Project("{2150E333-8FDC-42A3-9474-1A3956D46DE8}") = "SM.Infrastructure", "SM.Infrastructure", "{D5D9F05B-C153-46B1-A87D-688F034BB1B4}"
EndProject
Project("{9A19103F-16F7-4668-BE54-9A1E7A4F7556}") = "ShopManagement.Infrastructure.EFCore", "ShopManagement.Infrastructure.EFCore\ShopManagement.Infrastructure.EFCore.csproj", "{6AE7BB0F-4639-47E4-80B0-6F6841B85261}"
EndProject
Project("{9A19103F-16F7-4668-BE54-9A1E7A4F7556}") = "ShopManagemenet.Configuration", "ShopManagemenet.Configuration\ShopManagemenet.Configuration.csproj", "{ECE7F096-20F7-4ADC-8D13-BCC17C45BB13}"
EndProject
Project("{9A19103F-16F7-4668-BE54-9A1E7A4F7556}") = "ServiceHost", "ServiceHost\ServiceHost.csproj", "{AAA2EB56-5AED-4564-836B-5A1782ABEC51}"
EndProject
Project("{9A19103F-16F7-4668-BE54-9A1E7A4F7556}") = "OnlineStoreQuery", "OnlineStoreQuery\OnlineStoreQuery.csproj", "{79CD79CB-853B-4904-90AA-AC321F633154}"
EndProject
Project("{2150E333-8FDC-42A3-9474-1A3956D46DE8}") = "DiscountManagement", "DiscountManagement", "{EC95B709-3D44-4C62-8C41-D7B9EF9A7B99}"
EndProject
Project("{2150E333-8FDC-42A3-9474-1A3956D46DE8}") = "DM.Domain", "DM.Domain", "{E0D45655-1FC0-4ED4-B517-D5505D4F3C61}"
EndProject
Project("{9A19103F-16F7-4668-BE54-9A1E7A4F7556}") = "DiscountManagement.Domain", "DiscountManagement.Domain\DiscountManagement.Domain.csproj", "{E2622F17-10E6-4E88-A679-6648EE4CE4C4}"
EndProject
Project("{2150E333-8FDC-42A3-9474-1A3956D46DE8}") = "DM.Application", "DM.Application", "{8E52EE25-CD97-4735-9553-73995414166D}"
EndProject
Project("{9A19103F-16F7-4668-BE54-9A1E7A4F7556}") = "DiscountManagement.Application.Contract", "DiscountManagement.Application.Contract\DiscountManagement.Application.Contract.csproj", "{4F6A3D6A-3CAA-461B-95FF-E1A8EA73FEF6}"
EndProject
Project("{9A19103F-16F7-4668-BE54-9A1E7A4F7556}") = "DiscountManagement.Application", "DiscountManagement.Application\DiscountManagement.Application.csproj", "{EFA069CB-7EDE-4B45-B802-469F76BE5CC5}"
EndProject
Project("{2150E333-8FDC-42A3-9474-1A3956D46DE8}") = "DM.Infrastructure", "DM.Infrastructure", "{567B925C-014F-487D-846E-3E49DE6D4EB0}"
EndProject
Project("{9A19103F-16F7-4668-BE54-9A1E7A4F7556}") = "DiscountManagement.Configuration", "DiscountManagement.Configuration\DiscountManagement.Configuration.csproj", "{A8A7AB64-9702-46D4-95E5-4639BA7B5945}"
EndProject
Project("{9A19103F-16F7-4668-BE54-9A1E7A4F7556}") = "DiscountManagement.Infrastructure.EFCore", "DiscountManagement.Infrastructure.EFCore\DiscountManagement.Infrastructure.EFCore.csproj", "{D4F609E5-5B2F-4F1D-94EF-DBD6547B0230}"
EndProject
Project("{2150E333-8FDC-42A3-9474-1A3956D46DE8}") = "InventoryManagement", "InventoryManagement", "{9AA3F790-741F-48BB-BA2A-AE5A0833D1DF}"
EndProject
Project("{2150E333-8FDC-42A3-9474-1A3956D46DE8}") = "IM.Domain", "IM.Domain", "{08D71442-9B0B-4B92-B331-E52EBDCEF1DF}"
EndProject
Project("{9A19103F-16F7-4668-BE54-9A1E7A4F7556}") = "InventoryManagement.Domain", "InventoryManagement.Domain\InventoryManagement.Domain.csproj", "{B42FAA09-0D86-40CD-A16A-9372AA02C99D}"
EndProject
Project("{2150E333-8FDC-42A3-9474-1A3956D46DE8}") = "IM.Application", "IM.Application", "{59D31F57-0DA3-4ADE-9E3F-F09B62540647}"
EndProject
Project("{9A19103F-16F7-4668-BE54-9A1E7A4F7556}") = "InventoryManagement.Application.Contract", "InventoryManagement.Application.Contract\InventoryManagement.Application.Contract.csproj", "{56390E06-FB5E-4045-BE31-6019B9FDDDCD}"
EndProject
Project("{9A19103F-16F7-4668-BE54-9A1E7A4F7556}") = "InventoryManagement.Application", "InventoryManagement.Application\InventoryManagement.Application.csproj", "{131AB866-81DC-4070-8F28-B922BFC1C891}"
EndProject
Project("{2150E333-8FDC-42A3-9474-1A3956D46DE8}") = "IM.Infrastructure", "IM.Infrastructure", "{61F7135E-7704-4FF1-AADA-4D8D48DF8661}"
EndProject
Project("{9A19103F-16F7-4668-BE54-9A1E7A4F7556}") = "InventoryManagement.Infrastructure.Configuration", "InventoryManagement.Infrastructure.Configuration\InventoryManagement.Infrastructure.Configuration.csproj", "{D49F0B9D-2902-4F09-86A4-EBD54161F2A1}"
EndProject
Project("{9A19103F-16F7-4668-BE54-9A1E7A4F7556}") = "InventoryMangement.Infrastructure.EFCore", "InventoryMangement.Infrastructure.EFCore\InventoryMangement.Infrastructure.EFCore.csproj", "{6542797F-BEF0-45A1-B774-FC44901B439C}"
EndProject
Project("{2150E333-8FDC-42A3-9474-1A3956D46DE8}") = "IM.Presentation", "IM.Presentation", "{50A80741-D998-4862-95B5-D1E151CBF417}"
EndProject
Project("{2150E333-8FDC-42A3-9474-1A3956D46DE8}") = "AccountManagement", "AccountManagement", "{F74E69D6-A363-4162-99C0-F64FA73171FF}"
EndProject
Project("{2150E333-8FDC-42A3-9474-1A3956D46DE8}") = "AM.Application", "AM.Application", "{BB2CF7DA-6F68-48E1-9DC9-C63EAB5B44AE}"
EndProject
Project("{9A19103F-16F7-4668-BE54-9A1E7A4F7556}") = "AccountManagement.Application", "AccountManagement.Application\AccountManagement.Application.csproj", "{E960DE2F-02D7-4A4A-9E09-B1948BEA1979}"
EndProject
Project("{9A19103F-16F7-4668-BE54-9A1E7A4F7556}") = "AccountManagement.Application.Contracts", "AccountManagement.Application.Contracts\AccountManagement.Application.Contracts.csproj", "{E5A1435D-204F-44C8-BE46-FCD178A80AAD}"
EndProject
Project("{2150E333-8FDC-42A3-9474-1A3956D46DE8}") = "AM.Domain", "AM.Domain", "{CF95DB7B-DAC4-49C8-A4D6-70E5C50779AF}"
EndProject
Project("{9A19103F-16F7-4668-BE54-9A1E7A4F7556}") = "AccountManagement.Domain", "AccountManagement.Domain\AccountManagement.Domain.csproj", "{654A5029-1864-4303-A2AD-A73F9328F2D9}"
EndProject
Project("{2150E333-8FDC-42A3-9474-1A3956D46DE8}") = "AM.Infrastructure", "AM.Infrastructure", "{31E9A0F6-256F-43F4-AD43-B4A6FAC9BF8D}"
EndProject
Project("{9A19103F-16F7-4668-BE54-9A1E7A4F7556}") = "AccountManagement.Configuration", "AccountManagement.Configuration\AccountManagement.Configuration.csproj", "{1D90BE6E-AB25-4570-837D-648DBFAD8197}"
EndProject
Project("{9A19103F-16F7-4668-BE54-9A1E7A4F7556}") = "AccountMangement.Infrastructure.EFCore", "AccountMangement.Infrastructure.EFCore\AccountMangement.Infrastructure.EFCore.csproj", "{4A1195E6-22B8-49F3-8754-4D9E0B45E680}"
EndProject
Project("{2150E333-8FDC-42A3-9474-1A3956D46DE8}") = "CommentManagement", "CommentManagement", "{912B1921-CC4C-4326-A894-974BAA69C125}"
EndProject
Project("{2150E333-8FDC-42A3-9474-1A3956D46DE8}") = "CM.Application", "CM.Application", "{5F39B94F-1D4C-43EC-8EDB-37238B31383D}"
EndProject
Project("{2150E333-8FDC-42A3-9474-1A3956D46DE8}") = "CM.Domain", "CM.Domain", "{D0B8C244-D87A-4C7F-9C00-60AFAC963A70}"
EndProject
Project("{2150E333-8FDC-42A3-9474-1A3956D46DE8}") = "CM.Infrastructure", "CM.Infrastructure", "{1AF5EF1C-C36E-49E9-8203-78DE444040FB}"
EndProject
Project("{9A19103F-16F7-4668-BE54-9A1E7A4F7556}") = "CommentManagement.Application", "CommentManagement.Application\CommentManagement.Application.csproj", "{5F74836B-4544-49BB-ABB8-D48BF4D00BA8}"
EndProject
Project("{9A19103F-16F7-4668-BE54-9A1E7A4F7556}") = "CommentManagement.Application.Contracts", "CommentManagement.Application.Contracts\CommentManagement.Application.Contracts.csproj", "{F9A82016-4BC9-4E9F-A2D7-96F3F391E585}"
EndProject
Project("{9A19103F-16F7-4668-BE54-9A1E7A4F7556}") = "CommentManagement.Domain", "CommentManagement.Domain\CommentManagement.Domain.csproj", "{E68D2692-6F7E-43CA-B49E-D1094A9EF9BC}"
EndProject
Project("{9A19103F-16F7-4668-BE54-9A1E7A4F7556}") = "CommentManagement.Infrastructure.Configuration", "CommentManagement.Infrastructure.Configuration\CommentManagement.Infrastructure.Configuration.csproj", "{C11CB5EB-B94D-4771-BD74-C5666ABC382B}"
EndProject
Project("{9A19103F-16F7-4668-BE54-9A1E7A4F7556}") = "CommnetManagement.Infrastructure.EFCore", "CommnetManagement.Infrastructure.EFCore\CommnetManagement.Infrastructure.EFCore.csproj", "{4C12B239-0DC7-4197-8E0A-36F2D9A24AB1}"
EndProject
Project("{2150E333-8FDC-42A3-9474-1A3956D46DE8}") = "SM.Presentation", "SM.Presentation", "{51E67E83-3258-4F5E-98B8-8D0E787943DD}"
EndProject
Project("{9A19103F-16F7-4668-BE54-9A1E7A4F7556}") = "ShopManagement.Presentation.Api", "ShopManagement.Presentation.Api\ShopManagement.Presentation.Api.csproj", "{8AAFAA31-93FD-4830-B2DD-68323C79F8B2}"
EndProject
Project("{9A19103F-16F7-4668-BE54-9A1E7A4F7556}") = "InventoryManagement.Presentation.Api", "InventoryManagement.Presentation.Api\InventoryManagement.Presentation.Api.csproj", "{9B7CBCF2-5DCF-491C-8570-A9BCCEF9911F}"
EndProject
Project("{2150E333-8FDC-42A3-9474-1A3956D46DE8}") = "BlogManagement", "BlogManagement", "{0A73951A-3C7E-432B-A8C5-5B18DE3C1F12}"
EndProject
Project("{2150E333-8FDC-42A3-9474-1A3956D46DE8}") = "BM.Application", "BM.Application", "{7892965F-6103-4F40-B991-3B5AE0E0AA40}"
EndProject
Project("{2150E333-8FDC-42A3-9474-1A3956D46DE8}") = "BM.Domain", "BM.Domain", "{F929605A-74AB-4768-8DFE-37C670E63553}"
EndProject
Project("{2150E333-8FDC-42A3-9474-1A3956D46DE8}") = "BM.Infrastructure", "BM.Infrastructure", "{7F812BDF-3128-4F2C-8CD9-27F2D8026D7F}"
EndProject
Project("{2150E333-8FDC-42A3-9474-1A3956D46DE8}") = "BM.Presentation", "BM.Presentation", "{4F06621A-6D0B-4A08-AE9F-3AD56307B000}"
EndProject
Project("{9A19103F-16F7-4668-BE54-9A1E7A4F7556}") = "BlogManagement.Application", "BlogManagement.Application\BlogManagement.Application.csproj", "{FC3ADD27-8110-4006-82FD-54D479359DA4}"
EndProject
Project("{9A19103F-16F7-4668-BE54-9A1E7A4F7556}") = "BlogManagement.Application.Contracts", "BlogManagement.Application.Contracts\BlogManagement.Application.Contracts.csproj", "{E41D2CE6-5FAC-444F-B700-A470655EB63A}"
EndProject
Project("{9A19103F-16F7-4668-BE54-9A1E7A4F7556}") = "BlogManagement.Domain", "BlogManagement.Domain\BlogManagement.Domain.csproj", "{4ADE4D5E-9C72-47DF-B71D-83CB2499DA69}"
EndProject
Project("{9A19103F-16F7-4668-BE54-9A1E7A4F7556}") = "BlogManagement.Infrastructure.Configuration", "BlogManagement.Infrastructure.Configuration\BlogManagement.Infrastructure.Configuration.csproj", "{2AFD22F5-4F4B-40EE-814E-8329E9590150}"
EndProject
Project("{9A19103F-16F7-4668-BE54-9A1E7A4F7556}") = "BlogManagement.Infrastructure.EFCore", "BlogManagement.Infrastructure.EFCore\BlogManagement.Infrastructure.EFCore.csproj", "{5EBE757A-DC94-4E9F-8FF5-F5B7A7558838}"
EndProject
Project("{9A19103F-16F7-4668-BE54-9A1E7A4F7556}") = "ShopManagement.Infrastructure.AccountAcl", "ShopManagement.Infrastructure.AccountAcl\ShopManagement.Infrastructure.AccountAcl.csproj", "{86F6BD5C-938C-49D9-B6FB-8CFCA0EC783C}"
EndProject
Project("{9A19103F-16F7-4668-BE54-9A1E7A4F7556}") = "ShopManagement.Infrastructure.InventoryAcl", "ShopManagement.Infrastructure.InventoryAcl\ShopManagement.Infrastructure.InventoryAcl.csproj", "{5C81F19D-C05C-4113-80D9-D50288DF7F48}"
EndProject
Global
	GlobalSection(SolutionConfigurationPlatforms) = preSolution
		Debug|Any CPU = Debug|Any CPU
		Release|Any CPU = Release|Any CPU
	EndGlobalSection
	GlobalSection(ProjectConfigurationPlatforms) = postSolution
		{A4C32562-2F70-485A-9762-B7D7856FCEF0}.Debug|Any CPU.ActiveCfg = Debug|Any CPU
		{A4C32562-2F70-485A-9762-B7D7856FCEF0}.Debug|Any CPU.Build.0 = Debug|Any CPU
		{A4C32562-2F70-485A-9762-B7D7856FCEF0}.Release|Any CPU.ActiveCfg = Release|Any CPU
		{A4C32562-2F70-485A-9762-B7D7856FCEF0}.Release|Any CPU.Build.0 = Release|Any CPU
		{313D1D5D-66EB-47F6-B716-5AECACA06225}.Debug|Any CPU.ActiveCfg = Debug|Any CPU
		{313D1D5D-66EB-47F6-B716-5AECACA06225}.Debug|Any CPU.Build.0 = Debug|Any CPU
		{313D1D5D-66EB-47F6-B716-5AECACA06225}.Release|Any CPU.ActiveCfg = Release|Any CPU
		{313D1D5D-66EB-47F6-B716-5AECACA06225}.Release|Any CPU.Build.0 = Release|Any CPU
		{2FE74533-68A4-474E-AA08-591C82A1685B}.Debug|Any CPU.ActiveCfg = Debug|Any CPU
		{2FE74533-68A4-474E-AA08-591C82A1685B}.Debug|Any CPU.Build.0 = Debug|Any CPU
		{2FE74533-68A4-474E-AA08-591C82A1685B}.Release|Any CPU.ActiveCfg = Release|Any CPU
		{2FE74533-68A4-474E-AA08-591C82A1685B}.Release|Any CPU.Build.0 = Release|Any CPU
		{E5B54B40-1BE2-4EF2-AA51-3C77DE17796B}.Debug|Any CPU.ActiveCfg = Debug|Any CPU
		{E5B54B40-1BE2-4EF2-AA51-3C77DE17796B}.Debug|Any CPU.Build.0 = Debug|Any CPU
		{E5B54B40-1BE2-4EF2-AA51-3C77DE17796B}.Release|Any CPU.ActiveCfg = Release|Any CPU
		{E5B54B40-1BE2-4EF2-AA51-3C77DE17796B}.Release|Any CPU.Build.0 = Release|Any CPU
		{6AE7BB0F-4639-47E4-80B0-6F6841B85261}.Debug|Any CPU.ActiveCfg = Debug|Any CPU
		{6AE7BB0F-4639-47E4-80B0-6F6841B85261}.Debug|Any CPU.Build.0 = Debug|Any CPU
		{6AE7BB0F-4639-47E4-80B0-6F6841B85261}.Release|Any CPU.ActiveCfg = Release|Any CPU
		{6AE7BB0F-4639-47E4-80B0-6F6841B85261}.Release|Any CPU.Build.0 = Release|Any CPU
		{ECE7F096-20F7-4ADC-8D13-BCC17C45BB13}.Debug|Any CPU.ActiveCfg = Debug|Any CPU
		{ECE7F096-20F7-4ADC-8D13-BCC17C45BB13}.Debug|Any CPU.Build.0 = Debug|Any CPU
		{ECE7F096-20F7-4ADC-8D13-BCC17C45BB13}.Release|Any CPU.ActiveCfg = Release|Any CPU
		{ECE7F096-20F7-4ADC-8D13-BCC17C45BB13}.Release|Any CPU.Build.0 = Release|Any CPU
		{AAA2EB56-5AED-4564-836B-5A1782ABEC51}.Debug|Any CPU.ActiveCfg = Debug|Any CPU
		{AAA2EB56-5AED-4564-836B-5A1782ABEC51}.Debug|Any CPU.Build.0 = Debug|Any CPU
		{AAA2EB56-5AED-4564-836B-5A1782ABEC51}.Release|Any CPU.ActiveCfg = Release|Any CPU
		{AAA2EB56-5AED-4564-836B-5A1782ABEC51}.Release|Any CPU.Build.0 = Release|Any CPU
		{79CD79CB-853B-4904-90AA-AC321F633154}.Debug|Any CPU.ActiveCfg = Debug|Any CPU
		{79CD79CB-853B-4904-90AA-AC321F633154}.Debug|Any CPU.Build.0 = Debug|Any CPU
		{79CD79CB-853B-4904-90AA-AC321F633154}.Release|Any CPU.ActiveCfg = Release|Any CPU
		{79CD79CB-853B-4904-90AA-AC321F633154}.Release|Any CPU.Build.0 = Release|Any CPU
		{E2622F17-10E6-4E88-A679-6648EE4CE4C4}.Debug|Any CPU.ActiveCfg = Debug|Any CPU
		{E2622F17-10E6-4E88-A679-6648EE4CE4C4}.Debug|Any CPU.Build.0 = Debug|Any CPU
		{E2622F17-10E6-4E88-A679-6648EE4CE4C4}.Release|Any CPU.ActiveCfg = Release|Any CPU
		{E2622F17-10E6-4E88-A679-6648EE4CE4C4}.Release|Any CPU.Build.0 = Release|Any CPU
		{4F6A3D6A-3CAA-461B-95FF-E1A8EA73FEF6}.Debug|Any CPU.ActiveCfg = Debug|Any CPU
		{4F6A3D6A-3CAA-461B-95FF-E1A8EA73FEF6}.Debug|Any CPU.Build.0 = Debug|Any CPU
		{4F6A3D6A-3CAA-461B-95FF-E1A8EA73FEF6}.Release|Any CPU.ActiveCfg = Release|Any CPU
		{4F6A3D6A-3CAA-461B-95FF-E1A8EA73FEF6}.Release|Any CPU.Build.0 = Release|Any CPU
		{EFA069CB-7EDE-4B45-B802-469F76BE5CC5}.Debug|Any CPU.ActiveCfg = Debug|Any CPU
		{EFA069CB-7EDE-4B45-B802-469F76BE5CC5}.Debug|Any CPU.Build.0 = Debug|Any CPU
		{EFA069CB-7EDE-4B45-B802-469F76BE5CC5}.Release|Any CPU.ActiveCfg = Release|Any CPU
		{EFA069CB-7EDE-4B45-B802-469F76BE5CC5}.Release|Any CPU.Build.0 = Release|Any CPU
		{A8A7AB64-9702-46D4-95E5-4639BA7B5945}.Debug|Any CPU.ActiveCfg = Debug|Any CPU
		{A8A7AB64-9702-46D4-95E5-4639BA7B5945}.Debug|Any CPU.Build.0 = Debug|Any CPU
		{A8A7AB64-9702-46D4-95E5-4639BA7B5945}.Release|Any CPU.ActiveCfg = Release|Any CPU
		{A8A7AB64-9702-46D4-95E5-4639BA7B5945}.Release|Any CPU.Build.0 = Release|Any CPU
		{D4F609E5-5B2F-4F1D-94EF-DBD6547B0230}.Debug|Any CPU.ActiveCfg = Debug|Any CPU
		{D4F609E5-5B2F-4F1D-94EF-DBD6547B0230}.Debug|Any CPU.Build.0 = Debug|Any CPU
		{D4F609E5-5B2F-4F1D-94EF-DBD6547B0230}.Release|Any CPU.ActiveCfg = Release|Any CPU
		{D4F609E5-5B2F-4F1D-94EF-DBD6547B0230}.Release|Any CPU.Build.0 = Release|Any CPU
		{B42FAA09-0D86-40CD-A16A-9372AA02C99D}.Debug|Any CPU.ActiveCfg = Debug|Any CPU
		{B42FAA09-0D86-40CD-A16A-9372AA02C99D}.Debug|Any CPU.Build.0 = Debug|Any CPU
		{B42FAA09-0D86-40CD-A16A-9372AA02C99D}.Release|Any CPU.ActiveCfg = Release|Any CPU
		{B42FAA09-0D86-40CD-A16A-9372AA02C99D}.Release|Any CPU.Build.0 = Release|Any CPU
		{56390E06-FB5E-4045-BE31-6019B9FDDDCD}.Debug|Any CPU.ActiveCfg = Debug|Any CPU
		{56390E06-FB5E-4045-BE31-6019B9FDDDCD}.Debug|Any CPU.Build.0 = Debug|Any CPU
		{56390E06-FB5E-4045-BE31-6019B9FDDDCD}.Release|Any CPU.ActiveCfg = Release|Any CPU
		{56390E06-FB5E-4045-BE31-6019B9FDDDCD}.Release|Any CPU.Build.0 = Release|Any CPU
		{131AB866-81DC-4070-8F28-B922BFC1C891}.Debug|Any CPU.ActiveCfg = Debug|Any CPU
		{131AB866-81DC-4070-8F28-B922BFC1C891}.Debug|Any CPU.Build.0 = Debug|Any CPU
		{131AB866-81DC-4070-8F28-B922BFC1C891}.Release|Any CPU.ActiveCfg = Release|Any CPU
		{131AB866-81DC-4070-8F28-B922BFC1C891}.Release|Any CPU.Build.0 = Release|Any CPU
		{D49F0B9D-2902-4F09-86A4-EBD54161F2A1}.Debug|Any CPU.ActiveCfg = Debug|Any CPU
		{D49F0B9D-2902-4F09-86A4-EBD54161F2A1}.Debug|Any CPU.Build.0 = Debug|Any CPU
		{D49F0B9D-2902-4F09-86A4-EBD54161F2A1}.Release|Any CPU.ActiveCfg = Release|Any CPU
		{D49F0B9D-2902-4F09-86A4-EBD54161F2A1}.Release|Any CPU.Build.0 = Release|Any CPU
		{6542797F-BEF0-45A1-B774-FC44901B439C}.Debug|Any CPU.ActiveCfg = Debug|Any CPU
		{6542797F-BEF0-45A1-B774-FC44901B439C}.Debug|Any CPU.Build.0 = Debug|Any CPU
		{6542797F-BEF0-45A1-B774-FC44901B439C}.Release|Any CPU.ActiveCfg = Release|Any CPU
		{6542797F-BEF0-45A1-B774-FC44901B439C}.Release|Any CPU.Build.0 = Release|Any CPU
		{E960DE2F-02D7-4A4A-9E09-B1948BEA1979}.Debug|Any CPU.ActiveCfg = Debug|Any CPU
		{E960DE2F-02D7-4A4A-9E09-B1948BEA1979}.Debug|Any CPU.Build.0 = Debug|Any CPU
		{E960DE2F-02D7-4A4A-9E09-B1948BEA1979}.Release|Any CPU.ActiveCfg = Release|Any CPU
		{E960DE2F-02D7-4A4A-9E09-B1948BEA1979}.Release|Any CPU.Build.0 = Release|Any CPU
		{E5A1435D-204F-44C8-BE46-FCD178A80AAD}.Debug|Any CPU.ActiveCfg = Debug|Any CPU
		{E5A1435D-204F-44C8-BE46-FCD178A80AAD}.Debug|Any CPU.Build.0 = Debug|Any CPU
		{E5A1435D-204F-44C8-BE46-FCD178A80AAD}.Release|Any CPU.ActiveCfg = Release|Any CPU
		{E5A1435D-204F-44C8-BE46-FCD178A80AAD}.Release|Any CPU.Build.0 = Release|Any CPU
		{654A5029-1864-4303-A2AD-A73F9328F2D9}.Debug|Any CPU.ActiveCfg = Debug|Any CPU
		{654A5029-1864-4303-A2AD-A73F9328F2D9}.Debug|Any CPU.Build.0 = Debug|Any CPU
		{654A5029-1864-4303-A2AD-A73F9328F2D9}.Release|Any CPU.ActiveCfg = Release|Any CPU
		{654A5029-1864-4303-A2AD-A73F9328F2D9}.Release|Any CPU.Build.0 = Release|Any CPU
		{1D90BE6E-AB25-4570-837D-648DBFAD8197}.Debug|Any CPU.ActiveCfg = Debug|Any CPU
		{1D90BE6E-AB25-4570-837D-648DBFAD8197}.Debug|Any CPU.Build.0 = Debug|Any CPU
		{1D90BE6E-AB25-4570-837D-648DBFAD8197}.Release|Any CPU.ActiveCfg = Release|Any CPU
		{1D90BE6E-AB25-4570-837D-648DBFAD8197}.Release|Any CPU.Build.0 = Release|Any CPU
		{4A1195E6-22B8-49F3-8754-4D9E0B45E680}.Debug|Any CPU.ActiveCfg = Debug|Any CPU
		{4A1195E6-22B8-49F3-8754-4D9E0B45E680}.Debug|Any CPU.Build.0 = Debug|Any CPU
		{4A1195E6-22B8-49F3-8754-4D9E0B45E680}.Release|Any CPU.ActiveCfg = Release|Any CPU
		{4A1195E6-22B8-49F3-8754-4D9E0B45E680}.Release|Any CPU.Build.0 = Release|Any CPU
		{5F74836B-4544-49BB-ABB8-D48BF4D00BA8}.Debug|Any CPU.ActiveCfg = Debug|Any CPU
		{5F74836B-4544-49BB-ABB8-D48BF4D00BA8}.Debug|Any CPU.Build.0 = Debug|Any CPU
		{5F74836B-4544-49BB-ABB8-D48BF4D00BA8}.Release|Any CPU.ActiveCfg = Release|Any CPU
		{5F74836B-4544-49BB-ABB8-D48BF4D00BA8}.Release|Any CPU.Build.0 = Release|Any CPU
		{F9A82016-4BC9-4E9F-A2D7-96F3F391E585}.Debug|Any CPU.ActiveCfg = Debug|Any CPU
		{F9A82016-4BC9-4E9F-A2D7-96F3F391E585}.Debug|Any CPU.Build.0 = Debug|Any CPU
		{F9A82016-4BC9-4E9F-A2D7-96F3F391E585}.Release|Any CPU.ActiveCfg = Release|Any CPU
		{F9A82016-4BC9-4E9F-A2D7-96F3F391E585}.Release|Any CPU.Build.0 = Release|Any CPU
		{E68D2692-6F7E-43CA-B49E-D1094A9EF9BC}.Debug|Any CPU.ActiveCfg = Debug|Any CPU
		{E68D2692-6F7E-43CA-B49E-D1094A9EF9BC}.Debug|Any CPU.Build.0 = Debug|Any CPU
		{E68D2692-6F7E-43CA-B49E-D1094A9EF9BC}.Release|Any CPU.ActiveCfg = Release|Any CPU
		{E68D2692-6F7E-43CA-B49E-D1094A9EF9BC}.Release|Any CPU.Build.0 = Release|Any CPU
		{C11CB5EB-B94D-4771-BD74-C5666ABC382B}.Debug|Any CPU.ActiveCfg = Debug|Any CPU
		{C11CB5EB-B94D-4771-BD74-C5666ABC382B}.Debug|Any CPU.Build.0 = Debug|Any CPU
		{C11CB5EB-B94D-4771-BD74-C5666ABC382B}.Release|Any CPU.ActiveCfg = Release|Any CPU
		{C11CB5EB-B94D-4771-BD74-C5666ABC382B}.Release|Any CPU.Build.0 = Release|Any CPU
		{4C12B239-0DC7-4197-8E0A-36F2D9A24AB1}.Debug|Any CPU.ActiveCfg = Debug|Any CPU
		{4C12B239-0DC7-4197-8E0A-36F2D9A24AB1}.Debug|Any CPU.Build.0 = Debug|Any CPU
		{4C12B239-0DC7-4197-8E0A-36F2D9A24AB1}.Release|Any CPU.ActiveCfg = Release|Any CPU
		{4C12B239-0DC7-4197-8E0A-36F2D9A24AB1}.Release|Any CPU.Build.0 = Release|Any CPU
		{8AAFAA31-93FD-4830-B2DD-68323C79F8B2}.Debug|Any CPU.ActiveCfg = Debug|Any CPU
		{8AAFAA31-93FD-4830-B2DD-68323C79F8B2}.Debug|Any CPU.Build.0 = Debug|Any CPU
		{8AAFAA31-93FD-4830-B2DD-68323C79F8B2}.Release|Any CPU.ActiveCfg = Release|Any CPU
		{8AAFAA31-93FD-4830-B2DD-68323C79F8B2}.Release|Any CPU.Build.0 = Release|Any CPU
		{9B7CBCF2-5DCF-491C-8570-A9BCCEF9911F}.Debug|Any CPU.ActiveCfg = Debug|Any CPU
		{9B7CBCF2-5DCF-491C-8570-A9BCCEF9911F}.Debug|Any CPU.Build.0 = Debug|Any CPU
		{9B7CBCF2-5DCF-491C-8570-A9BCCEF9911F}.Release|Any CPU.ActiveCfg = Release|Any CPU
		{9B7CBCF2-5DCF-491C-8570-A9BCCEF9911F}.Release|Any CPU.Build.0 = Release|Any CPU
		{FC3ADD27-8110-4006-82FD-54D479359DA4}.Debug|Any CPU.ActiveCfg = Debug|Any CPU
		{FC3ADD27-8110-4006-82FD-54D479359DA4}.Debug|Any CPU.Build.0 = Debug|Any CPU
		{FC3ADD27-8110-4006-82FD-54D479359DA4}.Release|Any CPU.ActiveCfg = Release|Any CPU
		{FC3ADD27-8110-4006-82FD-54D479359DA4}.Release|Any CPU.Build.0 = Release|Any CPU
		{E41D2CE6-5FAC-444F-B700-A470655EB63A}.Debug|Any CPU.ActiveCfg = Debug|Any CPU
		{E41D2CE6-5FAC-444F-B700-A470655EB63A}.Debug|Any CPU.Build.0 = Debug|Any CPU
		{E41D2CE6-5FAC-444F-B700-A470655EB63A}.Release|Any CPU.ActiveCfg = Release|Any CPU
		{E41D2CE6-5FAC-444F-B700-A470655EB63A}.Release|Any CPU.Build.0 = Release|Any CPU
		{4ADE4D5E-9C72-47DF-B71D-83CB2499DA69}.Debug|Any CPU.ActiveCfg = Debug|Any CPU
		{4ADE4D5E-9C72-47DF-B71D-83CB2499DA69}.Debug|Any CPU.Build.0 = Debug|Any CPU
		{4ADE4D5E-9C72-47DF-B71D-83CB2499DA69}.Release|Any CPU.ActiveCfg = Release|Any CPU
		{4ADE4D5E-9C72-47DF-B71D-83CB2499DA69}.Release|Any CPU.Build.0 = Release|Any CPU
		{2AFD22F5-4F4B-40EE-814E-8329E9590150}.Debug|Any CPU.ActiveCfg = Debug|Any CPU
		{2AFD22F5-4F4B-40EE-814E-8329E9590150}.Debug|Any CPU.Build.0 = Debug|Any CPU
		{2AFD22F5-4F4B-40EE-814E-8329E9590150}.Release|Any CPU.ActiveCfg = Release|Any CPU
		{2AFD22F5-4F4B-40EE-814E-8329E9590150}.Release|Any CPU.Build.0 = Release|Any CPU
		{5EBE757A-DC94-4E9F-8FF5-F5B7A7558838}.Debug|Any CPU.ActiveCfg = Debug|Any CPU
		{5EBE757A-DC94-4E9F-8FF5-F5B7A7558838}.Debug|Any CPU.Build.0 = Debug|Any CPU
		{5EBE757A-DC94-4E9F-8FF5-F5B7A7558838}.Release|Any CPU.ActiveCfg = Release|Any CPU
		{5EBE757A-DC94-4E9F-8FF5-F5B7A7558838}.Release|Any CPU.Build.0 = Release|Any CPU
		{86F6BD5C-938C-49D9-B6FB-8CFCA0EC783C}.Debug|Any CPU.ActiveCfg = Debug|Any CPU
		{86F6BD5C-938C-49D9-B6FB-8CFCA0EC783C}.Debug|Any CPU.Build.0 = Debug|Any CPU
		{86F6BD5C-938C-49D9-B6FB-8CFCA0EC783C}.Release|Any CPU.ActiveCfg = Release|Any CPU
		{86F6BD5C-938C-49D9-B6FB-8CFCA0EC783C}.Release|Any CPU.Build.0 = Release|Any CPU
		{5C81F19D-C05C-4113-80D9-D50288DF7F48}.Debug|Any CPU.ActiveCfg = Debug|Any CPU
		{5C81F19D-C05C-4113-80D9-D50288DF7F48}.Debug|Any CPU.Build.0 = Debug|Any CPU
		{5C81F19D-C05C-4113-80D9-D50288DF7F48}.Release|Any CPU.ActiveCfg = Release|Any CPU
		{5C81F19D-C05C-4113-80D9-D50288DF7F48}.Release|Any CPU.Build.0 = Release|Any CPU
	EndGlobalSection
	GlobalSection(SolutionProperties) = preSolution
		HideSolutionNode = FALSE
	EndGlobalSection
	GlobalSection(NestedProjects) = preSolution
		{3B072170-FB25-4693-A1EE-9D13527480AB} = {9B3E3B41-B53C-4F88-8A6C-25610CACB8BB}
		{A4C32562-2F70-485A-9762-B7D7856FCEF0} = {3B072170-FB25-4693-A1EE-9D13527480AB}
		{8DCF0BFC-EAF0-4BA1-BDFC-E7B0B4900D80} = {9B3E3B41-B53C-4F88-8A6C-25610CACB8BB}
		{2FE74533-68A4-474E-AA08-591C82A1685B} = {8DCF0BFC-EAF0-4BA1-BDFC-E7B0B4900D80}
		{E5B54B40-1BE2-4EF2-AA51-3C77DE17796B} = {8DCF0BFC-EAF0-4BA1-BDFC-E7B0B4900D80}
		{D5D9F05B-C153-46B1-A87D-688F034BB1B4} = {9B3E3B41-B53C-4F88-8A6C-25610CACB8BB}
		{6AE7BB0F-4639-47E4-80B0-6F6841B85261} = {D5D9F05B-C153-46B1-A87D-688F034BB1B4}
		{ECE7F096-20F7-4ADC-8D13-BCC17C45BB13} = {D5D9F05B-C153-46B1-A87D-688F034BB1B4}
		{E0D45655-1FC0-4ED4-B517-D5505D4F3C61} = {EC95B709-3D44-4C62-8C41-D7B9EF9A7B99}
		{E2622F17-10E6-4E88-A679-6648EE4CE4C4} = {E0D45655-1FC0-4ED4-B517-D5505D4F3C61}
		{8E52EE25-CD97-4735-9553-73995414166D} = {EC95B709-3D44-4C62-8C41-D7B9EF9A7B99}
		{4F6A3D6A-3CAA-461B-95FF-E1A8EA73FEF6} = {8E52EE25-CD97-4735-9553-73995414166D}
		{EFA069CB-7EDE-4B45-B802-469F76BE5CC5} = {8E52EE25-CD97-4735-9553-73995414166D}
		{567B925C-014F-487D-846E-3E49DE6D4EB0} = {EC95B709-3D44-4C62-8C41-D7B9EF9A7B99}
		{A8A7AB64-9702-46D4-95E5-4639BA7B5945} = {567B925C-014F-487D-846E-3E49DE6D4EB0}
		{D4F609E5-5B2F-4F1D-94EF-DBD6547B0230} = {567B925C-014F-487D-846E-3E49DE6D4EB0}
		{08D71442-9B0B-4B92-B331-E52EBDCEF1DF} = {9AA3F790-741F-48BB-BA2A-AE5A0833D1DF}
		{B42FAA09-0D86-40CD-A16A-9372AA02C99D} = {08D71442-9B0B-4B92-B331-E52EBDCEF1DF}
		{59D31F57-0DA3-4ADE-9E3F-F09B62540647} = {9AA3F790-741F-48BB-BA2A-AE5A0833D1DF}
		{56390E06-FB5E-4045-BE31-6019B9FDDDCD} = {59D31F57-0DA3-4ADE-9E3F-F09B62540647}
		{131AB866-81DC-4070-8F28-B922BFC1C891} = {59D31F57-0DA3-4ADE-9E3F-F09B62540647}
		{61F7135E-7704-4FF1-AADA-4D8D48DF8661} = {9AA3F790-741F-48BB-BA2A-AE5A0833D1DF}
		{D49F0B9D-2902-4F09-86A4-EBD54161F2A1} = {61F7135E-7704-4FF1-AADA-4D8D48DF8661}
		{6542797F-BEF0-45A1-B774-FC44901B439C} = {61F7135E-7704-4FF1-AADA-4D8D48DF8661}
		{50A80741-D998-4862-95B5-D1E151CBF417} = {9AA3F790-741F-48BB-BA2A-AE5A0833D1DF}
		{BB2CF7DA-6F68-48E1-9DC9-C63EAB5B44AE} = {F74E69D6-A363-4162-99C0-F64FA73171FF}
		{E960DE2F-02D7-4A4A-9E09-B1948BEA1979} = {BB2CF7DA-6F68-48E1-9DC9-C63EAB5B44AE}
		{E5A1435D-204F-44C8-BE46-FCD178A80AAD} = {BB2CF7DA-6F68-48E1-9DC9-C63EAB5B44AE}
		{CF95DB7B-DAC4-49C8-A4D6-70E5C50779AF} = {F74E69D6-A363-4162-99C0-F64FA73171FF}
		{654A5029-1864-4303-A2AD-A73F9328F2D9} = {CF95DB7B-DAC4-49C8-A4D6-70E5C50779AF}
		{31E9A0F6-256F-43F4-AD43-B4A6FAC9BF8D} = {F74E69D6-A363-4162-99C0-F64FA73171FF}
		{1D90BE6E-AB25-4570-837D-648DBFAD8197} = {31E9A0F6-256F-43F4-AD43-B4A6FAC9BF8D}
		{4A1195E6-22B8-49F3-8754-4D9E0B45E680} = {31E9A0F6-256F-43F4-AD43-B4A6FAC9BF8D}
		{5F39B94F-1D4C-43EC-8EDB-37238B31383D} = {912B1921-CC4C-4326-A894-974BAA69C125}
		{D0B8C244-D87A-4C7F-9C00-60AFAC963A70} = {912B1921-CC4C-4326-A894-974BAA69C125}
		{1AF5EF1C-C36E-49E9-8203-78DE444040FB} = {912B1921-CC4C-4326-A894-974BAA69C125}
		{5F74836B-4544-49BB-ABB8-D48BF4D00BA8} = {5F39B94F-1D4C-43EC-8EDB-37238B31383D}
		{F9A82016-4BC9-4E9F-A2D7-96F3F391E585} = {5F39B94F-1D4C-43EC-8EDB-37238B31383D}
		{E68D2692-6F7E-43CA-B49E-D1094A9EF9BC} = {D0B8C244-D87A-4C7F-9C00-60AFAC963A70}
		{C11CB5EB-B94D-4771-BD74-C5666ABC382B} = {1AF5EF1C-C36E-49E9-8203-78DE444040FB}
		{4C12B239-0DC7-4197-8E0A-36F2D9A24AB1} = {1AF5EF1C-C36E-49E9-8203-78DE444040FB}
		{51E67E83-3258-4F5E-98B8-8D0E787943DD} = {9B3E3B41-B53C-4F88-8A6C-25610CACB8BB}
		{8AAFAA31-93FD-4830-B2DD-68323C79F8B2} = {51E67E83-3258-4F5E-98B8-8D0E787943DD}
		{9B7CBCF2-5DCF-491C-8570-A9BCCEF9911F} = {50A80741-D998-4862-95B5-D1E151CBF417}
		{7892965F-6103-4F40-B991-3B5AE0E0AA40} = {0A73951A-3C7E-432B-A8C5-5B18DE3C1F12}
		{F929605A-74AB-4768-8DFE-37C670E63553} = {0A73951A-3C7E-432B-A8C5-5B18DE3C1F12}
		{7F812BDF-3128-4F2C-8CD9-27F2D8026D7F} = {0A73951A-3C7E-432B-A8C5-5B18DE3C1F12}
		{4F06621A-6D0B-4A08-AE9F-3AD56307B000} = {0A73951A-3C7E-432B-A8C5-5B18DE3C1F12}
		{FC3ADD27-8110-4006-82FD-54D479359DA4} = {7892965F-6103-4F40-B991-3B5AE0E0AA40}
		{E41D2CE6-5FAC-444F-B700-A470655EB63A} = {7892965F-6103-4F40-B991-3B5AE0E0AA40}
		{4ADE4D5E-9C72-47DF-B71D-83CB2499DA69} = {F929605A-74AB-4768-8DFE-37C670E63553}
		{2AFD22F5-4F4B-40EE-814E-8329E9590150} = {7F812BDF-3128-4F2C-8CD9-27F2D8026D7F}
		{5EBE757A-DC94-4E9F-8FF5-F5B7A7558838} = {7F812BDF-3128-4F2C-8CD9-27F2D8026D7F}
		{86F6BD5C-938C-49D9-B6FB-8CFCA0EC783C} = {D5D9F05B-C153-46B1-A87D-688F034BB1B4}
		{5C81F19D-C05C-4113-80D9-D50288DF7F48} = {D5D9F05B-C153-46B1-A87D-688F034BB1B4}
	EndGlobalSection
	GlobalSection(ExtensibilityGlobals) = postSolution
		SolutionGuid = {CA1E4D7C-1501-4985-8028-8AABB3F59F90}
	EndGlobalSection
EndGlobal
